
Microsoft Visual Studio Solution File, Format Version 12.00
# Visual Studio 15
VisualStudioVersion = 15.0.27703.2047
MinimumVisualStudioVersion = 10.0.40219.1
Project("{FAE04EC0-301F-11D3-BF4B-00C04F79EFBC}") = "TestBuild", "TestBuild\TestBuild.csproj", "{540B8B67-80AA-4FA6-A231-B70D10551F18}"
EndProject
Project("{FAE04EC0-301F-11D3-BF4B-00C04F79EFBC}") = "TesBuild.Tests", "TesBuild.Tests\TesBuild.Tests.csproj", "{7DF228AF-5320-4337-A912-B22A8D9D80F2}"
EndProject
Global
	GlobalSection(SolutionConfigurationPlatforms) = preSolution
		Debug|Any CPU = Debug|Any CPU
		Release|Any CPU = Release|Any CPU
	EndGlobalSection
	GlobalSection(ProjectConfigurationPlatforms) = postSolution
		{540B8B67-80AA-4FA6-A231-B70D10551F18}.Debug|Any CPU.ActiveCfg = Debug|Any CPU
		{540B8B67-80AA-4FA6-A231-B70D10551F18}.Debug|Any CPU.Build.0 = Debug|Any CPU
		{540B8B67-80AA-4FA6-A231-B70D10551F18}.Release|Any CPU.ActiveCfg = Release|Any CPU
		{540B8B67-80AA-4FA6-A231-B70D10551F18}.Release|Any CPU.Build.0 = Release|Any CPU
		{7DF228AF-5320-4337-A912-B22A8D9D80F2}.Debug|Any CPU.ActiveCfg = Debug|Any CPU
		{7DF228AF-5320-4337-A912-B22A8D9D80F2}.Debug|Any CPU.Build.0 = Debug|Any CPU
		{7DF228AF-5320-4337-A912-B22A8D9D80F2}.Release|Any CPU.ActiveCfg = Release|Any CPU
		{7DF228AF-5320-4337-A912-B22A8D9D80F2}.Release|Any CPU.Build.0 = Release|Any CPU
	EndGlobalSection
	GlobalSection(SolutionProperties) = preSolution
		HideSolutionNode = FALSE
	EndGlobalSection
	GlobalSection(ExtensibilityGlobals) = postSolution
		SolutionGuid = {0EF4D0A1-BF3E-49E2-8663-159C7D1BA79A}
	EndGlobalSection
EndGlobal
